// !$*UTF8*$!
{
	archiveVersion = 1;
	classes = {
	};
	objectVersion = 56;
	objects = {

/* Begin PBXBuildFile section */
		7412E9DC2B09605C00CB3D5D /* City.swift in Sources */ = {isa = PBXBuildFile; fileRef = 7412E9DB2B09605C00CB3D5D /* City.swift */; };
		7412E9E02B09681500CB3D5D /* WeatherRequest.swift in Sources */ = {isa = PBXBuildFile; fileRef = 7412E9DF2B09681500CB3D5D /* WeatherRequest.swift */; };
		741E9D0A2AF3C08B00BBBCE4 /* WeatherModel.swift in Sources */ = {isa = PBXBuildFile; fileRef = 741E9D072AF3C08B00BBBCE4 /* WeatherModel.swift */; };
		741E9D0B2AF3C08B00BBBCE4 /* ConverterModel.swift in Sources */ = {isa = PBXBuildFile; fileRef = 741E9D082AF3C08B00BBBCE4 /* ConverterModel.swift */; };
		741E9D0C2AF3C08B00BBBCE4 /* TranslationModel.swift in Sources */ = {isa = PBXBuildFile; fileRef = 741E9D092AF3C08B00BBBCE4 /* TranslationModel.swift */; };
		741E9D0E2AF3C0A600BBBCE4 /* AppServiceDelegate.swift in Sources */ = {isa = PBXBuildFile; fileRef = 741E9D0D2AF3C0A600BBBCE4 /* AppServiceDelegate.swift */; };
		741E9D102AF3C0C900BBBCE4 /* Alert.swift in Sources */ = {isa = PBXBuildFile; fileRef = 741E9D0F2AF3C0C900BBBCE4 /* Alert.swift */; };
		74350C492AE2B642000C7EA7 /* AppDelegate.swift in Sources */ = {isa = PBXBuildFile; fileRef = 74350C482AE2B642000C7EA7 /* AppDelegate.swift */; };
		74350C4B2AE2B642000C7EA7 /* SceneDelegate.swift in Sources */ = {isa = PBXBuildFile; fileRef = 74350C4A2AE2B642000C7EA7 /* SceneDelegate.swift */; };
		74350C522AE2B645000C7EA7 /* Assets.xcassets in Resources */ = {isa = PBXBuildFile; fileRef = 74350C512AE2B645000C7EA7 /* Assets.xcassets */; };
		74350C602AE2B645000C7EA7 /* BaluchonTests.swift in Sources */ = {isa = PBXBuildFile; fileRef = 74350C5F2AE2B645000C7EA7 /* BaluchonTests.swift */; };
		74350C6A2AE2B645000C7EA7 /* BaluchonUITests.swift in Sources */ = {isa = PBXBuildFile; fileRef = 74350C692AE2B645000C7EA7 /* BaluchonUITests.swift */; };
		74350C6C2AE2B645000C7EA7 /* BaluchonUITestsLaunchTests.swift in Sources */ = {isa = PBXBuildFile; fileRef = 74350C6B2AE2B645000C7EA7 /* BaluchonUITestsLaunchTests.swift */; };
		744ADAED2AE821330026F9C3 /* APIEndpoint.swift in Sources */ = {isa = PBXBuildFile; fileRef = 744ADAEC2AE821330026F9C3 /* APIEndpoint.swift */; };
		744ADAEF2AE8214D0026F9C3 /* APIError.swift in Sources */ = {isa = PBXBuildFile; fileRef = 744ADAEE2AE8214D0026F9C3 /* APIError.swift */; };
		744ADAF12AE821660026F9C3 /* APIService.swift in Sources */ = {isa = PBXBuildFile; fileRef = 744ADAF02AE821660026F9C3 /* APIService.swift */; };
		744ADAF42AE821900026F9C3 /* TranslationRequest.swift in Sources */ = {isa = PBXBuildFile; fileRef = 744ADAF32AE821900026F9C3 /* TranslationRequest.swift */; };
		744ADAF62AE8220B0026F9C3 /* APIKey.swift in Sources */ = {isa = PBXBuildFile; fileRef = 744ADAF52AE8220B0026F9C3 /* APIKey.swift */; };
		744EBDE92AF3C30000A76E10 /* LaunchScreen.storyboard in Resources */ = {isa = PBXBuildFile; fileRef = 744EBDE42AF3C30000A76E10 /* LaunchScreen.storyboard */; };
		744EBDEA2AF3C30000A76E10 /* Traduction.storyboard in Resources */ = {isa = PBXBuildFile; fileRef = 744EBDE52AF3C30000A76E10 /* Traduction.storyboard */; };
		744EBDEB2AF3C30000A76E10 /* Main.storyboard in Resources */ = {isa = PBXBuildFile; fileRef = 744EBDE62AF3C30000A76E10 /* Main.storyboard */; };
		744EBDEC2AF3C30000A76E10 /* Converter.storyboard in Resources */ = {isa = PBXBuildFile; fileRef = 744EBDE72AF3C30000A76E10 /* Converter.storyboard */; };
		744EBDED2AF3C30000A76E10 /* Weather.storyboard in Resources */ = {isa = PBXBuildFile; fileRef = 744EBDE82AF3C30000A76E10 /* Weather.storyboard */; };
		744EBE062AF3C75600A76E10 /* ConverterViewController.swift in Sources */ = {isa = PBXBuildFile; fileRef = 744EBE032AF3C75600A76E10 /* ConverterViewController.swift */; };
		744EBE072AF3C75600A76E10 /* WeatherViewController.swift in Sources */ = {isa = PBXBuildFile; fileRef = 744EBE042AF3C75600A76E10 /* WeatherViewController.swift */; };
		744EBE082AF3C75600A76E10 /* TraductionViewController.swift in Sources */ = {isa = PBXBuildFile; fileRef = 744EBE052AF3C75600A76E10 /* TraductionViewController.swift */; };
		745610532B03A6A000137C81 /* Language.swift in Sources */ = {isa = PBXBuildFile; fileRef = 745610522B03A6A000137C81 /* Language.swift */; };
		7465688E2B0F8A89005E55FD /* FakeResponseData.swift in Sources */ = {isa = PBXBuildFile; fileRef = 7465688D2B0F8A89005E55FD /* FakeResponseData.swift */; };
		746568902B0F8DA3005E55FD /* URLSessionFake.swift in Sources */ = {isa = PBXBuildFile; fileRef = 7465688F2B0F8DA3005E55FD /* URLSessionFake.swift */; };
		746568922B0F90B2005E55FD /* ConverterAPIServiceTest.swift in Sources */ = {isa = PBXBuildFile; fileRef = 746568912B0F90B2005E55FD /* ConverterAPIServiceTest.swift */; };
		747F86372AE47DEF000C24CA /* CustomDesign.swift in Sources */ = {isa = PBXBuildFile; fileRef = 747F86362AE47DEF000C24CA /* CustomDesign.swift */; };
		748741552AF9666E00469CA5 /* Currency.swift in Sources */ = {isa = PBXBuildFile; fileRef = 748741542AF9666E00469CA5 /* Currency.swift */; };
		748741572AFA841600469CA5 /* Converter.json in Resources */ = {isa = PBXBuildFile; fileRef = 748741562AFA841600469CA5 /* Converter.json */; };
		748741592AFA842A00469CA5 /* Translate.json in Resources */ = {isa = PBXBuildFile; fileRef = 748741582AFA842A00469CA5 /* Translate.json */; };
		7487415B2AFA843D00469CA5 /* Weather.json in Resources */ = {isa = PBXBuildFile; fileRef = 7487415A2AFA843D00469CA5 /* Weather.json */; };
		74D049AA2AEEA8E0003A89BE /* WeatherResponse.swift in Sources */ = {isa = PBXBuildFile; fileRef = 74D049A92AEEA8E0003A89BE /* WeatherResponse.swift */; };
		74D049AC2AEEA8E9003A89BE /* ConverterResponse.swift in Sources */ = {isa = PBXBuildFile; fileRef = 74D049AB2AEEA8E9003A89BE /* ConverterResponse.swift */; };
		74D049AE2AEEA8FC003A89BE /* TranslateResponse.swift in Sources */ = {isa = PBXBuildFile; fileRef = 74D049AD2AEEA8FC003A89BE /* TranslateResponse.swift */; };
/* End PBXBuildFile section */

/* Begin PBXContainerItemProxy section */
		74350C5C2AE2B645000C7EA7 /* PBXContainerItemProxy */ = {
			isa = PBXContainerItemProxy;
			containerPortal = 74350C3D2AE2B642000C7EA7 /* Project object */;
			proxyType = 1;
			remoteGlobalIDString = 74350C442AE2B642000C7EA7;
			remoteInfo = Baluchon;
		};
		74350C662AE2B645000C7EA7 /* PBXContainerItemProxy */ = {
			isa = PBXContainerItemProxy;
			containerPortal = 74350C3D2AE2B642000C7EA7 /* Project object */;
			proxyType = 1;
			remoteGlobalIDString = 74350C442AE2B642000C7EA7;
			remoteInfo = Baluchon;
		};
/* End PBXContainerItemProxy section */

/* Begin PBXFileReference section */
		7412E9DB2B09605C00CB3D5D /* City.swift */ = {isa = PBXFileReference; lastKnownFileType = sourcecode.swift; path = City.swift; sourceTree = "<group>"; };
		7412E9DF2B09681500CB3D5D /* WeatherRequest.swift */ = {isa = PBXFileReference; lastKnownFileType = sourcecode.swift; path = WeatherRequest.swift; sourceTree = "<group>"; };
		741E9D072AF3C08B00BBBCE4 /* WeatherModel.swift */ = {isa = PBXFileReference; fileEncoding = 4; lastKnownFileType = sourcecode.swift; path = WeatherModel.swift; sourceTree = "<group>"; };
		741E9D082AF3C08B00BBBCE4 /* ConverterModel.swift */ = {isa = PBXFileReference; fileEncoding = 4; lastKnownFileType = sourcecode.swift; path = ConverterModel.swift; sourceTree = "<group>"; };
		741E9D092AF3C08B00BBBCE4 /* TranslationModel.swift */ = {isa = PBXFileReference; fileEncoding = 4; lastKnownFileType = sourcecode.swift; path = TranslationModel.swift; sourceTree = "<group>"; };
		741E9D0D2AF3C0A600BBBCE4 /* AppServiceDelegate.swift */ = {isa = PBXFileReference; fileEncoding = 4; lastKnownFileType = sourcecode.swift; path = AppServiceDelegate.swift; sourceTree = "<group>"; };
		741E9D0F2AF3C0C900BBBCE4 /* Alert.swift */ = {isa = PBXFileReference; fileEncoding = 4; lastKnownFileType = sourcecode.swift; path = Alert.swift; sourceTree = "<group>"; };
		74350C452AE2B642000C7EA7 /* Baluchon.app */ = {isa = PBXFileReference; explicitFileType = wrapper.application; includeInIndex = 0; path = Baluchon.app; sourceTree = BUILT_PRODUCTS_DIR; };
		74350C482AE2B642000C7EA7 /* AppDelegate.swift */ = {isa = PBXFileReference; lastKnownFileType = sourcecode.swift; path = AppDelegate.swift; sourceTree = "<group>"; };
		74350C4A2AE2B642000C7EA7 /* SceneDelegate.swift */ = {isa = PBXFileReference; lastKnownFileType = sourcecode.swift; path = SceneDelegate.swift; sourceTree = "<group>"; };
		74350C512AE2B645000C7EA7 /* Assets.xcassets */ = {isa = PBXFileReference; lastKnownFileType = folder.assetcatalog; path = Assets.xcassets; sourceTree = "<group>"; };
		74350C562AE2B645000C7EA7 /* Info.plist */ = {isa = PBXFileReference; lastKnownFileType = text.plist.xml; path = Info.plist; sourceTree = "<group>"; };
		74350C5B2AE2B645000C7EA7 /* BaluchonTests.xctest */ = {isa = PBXFileReference; explicitFileType = wrapper.cfbundle; includeInIndex = 0; path = BaluchonTests.xctest; sourceTree = BUILT_PRODUCTS_DIR; };
		74350C5F2AE2B645000C7EA7 /* BaluchonTests.swift */ = {isa = PBXFileReference; lastKnownFileType = sourcecode.swift; path = BaluchonTests.swift; sourceTree = "<group>"; };
		74350C652AE2B645000C7EA7 /* BaluchonUITests.xctest */ = {isa = PBXFileReference; explicitFileType = wrapper.cfbundle; includeInIndex = 0; path = BaluchonUITests.xctest; sourceTree = BUILT_PRODUCTS_DIR; };
		74350C692AE2B645000C7EA7 /* BaluchonUITests.swift */ = {isa = PBXFileReference; lastKnownFileType = sourcecode.swift; path = BaluchonUITests.swift; sourceTree = "<group>"; };
		74350C6B2AE2B645000C7EA7 /* BaluchonUITestsLaunchTests.swift */ = {isa = PBXFileReference; lastKnownFileType = sourcecode.swift; path = BaluchonUITestsLaunchTests.swift; sourceTree = "<group>"; };
		744ADAEC2AE821330026F9C3 /* APIEndpoint.swift */ = {isa = PBXFileReference; lastKnownFileType = sourcecode.swift; path = APIEndpoint.swift; sourceTree = "<group>"; };
		744ADAEE2AE8214D0026F9C3 /* APIError.swift */ = {isa = PBXFileReference; lastKnownFileType = sourcecode.swift; path = APIError.swift; sourceTree = "<group>"; };
		744ADAF02AE821660026F9C3 /* APIService.swift */ = {isa = PBXFileReference; lastKnownFileType = sourcecode.swift; path = APIService.swift; sourceTree = "<group>"; };
		744ADAF32AE821900026F9C3 /* TranslationRequest.swift */ = {isa = PBXFileReference; lastKnownFileType = sourcecode.swift; path = TranslationRequest.swift; sourceTree = "<group>"; };
		744ADAF52AE8220B0026F9C3 /* APIKey.swift */ = {isa = PBXFileReference; lastKnownFileType = sourcecode.swift; path = APIKey.swift; sourceTree = "<group>"; };
		744EBDE42AF3C30000A76E10 /* LaunchScreen.storyboard */ = {isa = PBXFileReference; fileEncoding = 4; lastKnownFileType = file.storyboard; path = LaunchScreen.storyboard; sourceTree = "<group>"; };
		744EBDE52AF3C30000A76E10 /* Traduction.storyboard */ = {isa = PBXFileReference; fileEncoding = 4; lastKnownFileType = file.storyboard; path = Traduction.storyboard; sourceTree = "<group>"; };
		744EBDE62AF3C30000A76E10 /* Main.storyboard */ = {isa = PBXFileReference; fileEncoding = 4; lastKnownFileType = file.storyboard; path = Main.storyboard; sourceTree = "<group>"; };
		744EBDE72AF3C30000A76E10 /* Converter.storyboard */ = {isa = PBXFileReference; fileEncoding = 4; lastKnownFileType = file.storyboard; path = Converter.storyboard; sourceTree = "<group>"; };
		744EBDE82AF3C30000A76E10 /* Weather.storyboard */ = {isa = PBXFileReference; fileEncoding = 4; lastKnownFileType = file.storyboard; path = Weather.storyboard; sourceTree = "<group>"; };
		744EBE032AF3C75600A76E10 /* ConverterViewController.swift */ = {isa = PBXFileReference; fileEncoding = 4; lastKnownFileType = sourcecode.swift; path = ConverterViewController.swift; sourceTree = "<group>"; };
		744EBE042AF3C75600A76E10 /* WeatherViewController.swift */ = {isa = PBXFileReference; fileEncoding = 4; lastKnownFileType = sourcecode.swift; path = WeatherViewController.swift; sourceTree = "<group>"; };
		744EBE052AF3C75600A76E10 /* TraductionViewController.swift */ = {isa = PBXFileReference; fileEncoding = 4; lastKnownFileType = sourcecode.swift; path = TraductionViewController.swift; sourceTree = "<group>"; };
		745610522B03A6A000137C81 /* Language.swift */ = {isa = PBXFileReference; lastKnownFileType = sourcecode.swift; path = Language.swift; sourceTree = "<group>"; };
		7465688D2B0F8A89005E55FD /* FakeResponseData.swift */ = {isa = PBXFileReference; lastKnownFileType = sourcecode.swift; path = FakeResponseData.swift; sourceTree = "<group>"; };
		7465688F2B0F8DA3005E55FD /* URLSessionFake.swift */ = {isa = PBXFileReference; lastKnownFileType = sourcecode.swift; path = URLSessionFake.swift; sourceTree = "<group>"; };
		746568912B0F90B2005E55FD /* ConverterAPIServiceTest.swift */ = {isa = PBXFileReference; lastKnownFileType = sourcecode.swift; path = ConverterAPIServiceTest.swift; sourceTree = "<group>"; };
		747F86362AE47DEF000C24CA /* CustomDesign.swift */ = {isa = PBXFileReference; lastKnownFileType = sourcecode.swift; path = CustomDesign.swift; sourceTree = "<group>"; };
		748741542AF9666E00469CA5 /* Currency.swift */ = {isa = PBXFileReference; lastKnownFileType = sourcecode.swift; path = Currency.swift; sourceTree = "<group>"; };
		748741562AFA841600469CA5 /* Converter.json */ = {isa = PBXFileReference; lastKnownFileType = text.json; path = Converter.json; sourceTree = "<group>"; };
		748741582AFA842A00469CA5 /* Translate.json */ = {isa = PBXFileReference; lastKnownFileType = text.json; path = Translate.json; sourceTree = "<group>"; };
		7487415A2AFA843D00469CA5 /* Weather.json */ = {isa = PBXFileReference; lastKnownFileType = text.json; path = Weather.json; sourceTree = "<group>"; };
		74D049A92AEEA8E0003A89BE /* WeatherResponse.swift */ = {isa = PBXFileReference; lastKnownFileType = sourcecode.swift; path = WeatherResponse.swift; sourceTree = "<group>"; };
		74D049AB2AEEA8E9003A89BE /* ConverterResponse.swift */ = {isa = PBXFileReference; lastKnownFileType = sourcecode.swift; path = ConverterResponse.swift; sourceTree = "<group>"; };
		74D049AD2AEEA8FC003A89BE /* TranslateResponse.swift */ = {isa = PBXFileReference; lastKnownFileType = sourcecode.swift; path = TranslateResponse.swift; sourceTree = "<group>"; };
/* End PBXFileReference section */

/* Begin PBXFrameworksBuildPhase section */
		74350C422AE2B642000C7EA7 /* Frameworks */ = {
			isa = PBXFrameworksBuildPhase;
			buildActionMask = 2147483647;
			files = (
			);
			runOnlyForDeploymentPostprocessing = 0;
		};
		74350C582AE2B645000C7EA7 /* Frameworks */ = {
			isa = PBXFrameworksBuildPhase;
			buildActionMask = 2147483647;
			files = (
			);
			runOnlyForDeploymentPostprocessing = 0;
		};
		74350C622AE2B645000C7EA7 /* Frameworks */ = {
			isa = PBXFrameworksBuildPhase;
			buildActionMask = 2147483647;
			files = (
			);
			runOnlyForDeploymentPostprocessing = 0;
		};
/* End PBXFrameworksBuildPhase section */

/* Begin PBXGroup section */
		74350C3C2AE2B642000C7EA7 = {
			isa = PBXGroup;
			children = (
				74350C472AE2B642000C7EA7 /* Baluchon */,
				74350C5E2AE2B645000C7EA7 /* BaluchonTests */,
				74350C682AE2B645000C7EA7 /* BaluchonUITests */,
				74350C462AE2B642000C7EA7 /* Products */,
			);
			sourceTree = "<group>";
		};
		74350C462AE2B642000C7EA7 /* Products */ = {
			isa = PBXGroup;
			children = (
				74350C452AE2B642000C7EA7 /* Baluchon.app */,
				74350C5B2AE2B645000C7EA7 /* BaluchonTests.xctest */,
				74350C652AE2B645000C7EA7 /* BaluchonUITests.xctest */,
			);
			name = Products;
			sourceTree = "<group>";
		};
		74350C472AE2B642000C7EA7 /* Baluchon */ = {
			isa = PBXGroup;
			children = (
				747F86382AE54495000C24CA /* ApplicationLifeCycle */,
				744ADAE42AE820A50026F9C3 /* Model */,
				744EBDE32AF3C30000A76E10 /* View */,
				744EBE022AF3C74D00A76E10 /* Controller */,
				747F86352AE47DD7000C24CA /* Common */,
				7464F2242AE2CF6F005A0751 /* Ressource */,
			);
			path = Baluchon;
			sourceTree = "<group>";
		};
		74350C5E2AE2B645000C7EA7 /* BaluchonTests */ = {
			isa = PBXGroup;
			children = (
				74350C5F2AE2B645000C7EA7 /* BaluchonTests.swift */,
				748741562AFA841600469CA5 /* Converter.json */,
				748741582AFA842A00469CA5 /* Translate.json */,
				7487415A2AFA843D00469CA5 /* Weather.json */,
				7465688D2B0F8A89005E55FD /* FakeResponseData.swift */,
				7465688F2B0F8DA3005E55FD /* URLSessionFake.swift */,
				746568912B0F90B2005E55FD /* ConverterAPIServiceTest.swift */,
			);
			path = BaluchonTests;
			sourceTree = "<group>";
		};
		74350C682AE2B645000C7EA7 /* BaluchonUITests */ = {
			isa = PBXGroup;
			children = (
				74350C692AE2B645000C7EA7 /* BaluchonUITests.swift */,
				74350C6B2AE2B645000C7EA7 /* BaluchonUITestsLaunchTests.swift */,
			);
			path = BaluchonUITests;
			sourceTree = "<group>";
		};
		744ADAE42AE820A50026F9C3 /* Model */ = {
			isa = PBXGroup;
			children = (
				744ADAEB2AE821000026F9C3 /* Networking */,
				74D049A32AEEA855003A89BE /* Delegate */,
				741E9D082AF3C08B00BBBCE4 /* ConverterModel.swift */,
				741E9D092AF3C08B00BBBCE4 /* TranslationModel.swift */,
				741E9D072AF3C08B00BBBCE4 /* WeatherModel.swift */,
				748741542AF9666E00469CA5 /* Currency.swift */,
				745610522B03A6A000137C81 /* Language.swift */,
				7412E9DB2B09605C00CB3D5D /* City.swift */,
			);
			path = Model;
			sourceTree = "<group>";
		};
		744ADAEB2AE821000026F9C3 /* Networking */ = {
			isa = PBXGroup;
			children = (
				744ADAF22AE8216F0026F9C3 /* RequestModel */,
				74D049A82AEEA8B9003A89BE /* ResponseModel */,
				744ADAEC2AE821330026F9C3 /* APIEndpoint.swift */,
				744ADAEE2AE8214D0026F9C3 /* APIError.swift */,
				744ADAF02AE821660026F9C3 /* APIService.swift */,
				744ADAF52AE8220B0026F9C3 /* APIKey.swift */,
			);
			path = Networking;
			sourceTree = "<group>";
		};
		744ADAF22AE8216F0026F9C3 /* RequestModel */ = {
			isa = PBXGroup;
			children = (
				744ADAF32AE821900026F9C3 /* TranslationRequest.swift */,
				7412E9DF2B09681500CB3D5D /* WeatherRequest.swift */,
			);
			path = RequestModel;
			sourceTree = "<group>";
		};
		744EBDE32AF3C30000A76E10 /* View */ = {
			isa = PBXGroup;
			children = (
				744EBDE42AF3C30000A76E10 /* LaunchScreen.storyboard */,
				744EBDE52AF3C30000A76E10 /* Traduction.storyboard */,
				744EBDE62AF3C30000A76E10 /* Main.storyboard */,
				744EBDE72AF3C30000A76E10 /* Converter.storyboard */,
				744EBDE82AF3C30000A76E10 /* Weather.storyboard */,
			);
			name = View;
			path = "../../Save before pr/Baluchon/View";
			sourceTree = "<group>";
		};
		744EBE022AF3C74D00A76E10 /* Controller */ = {
			isa = PBXGroup;
			children = (
				744EBE032AF3C75600A76E10 /* ConverterViewController.swift */,
				744EBE052AF3C75600A76E10 /* TraductionViewController.swift */,
				744EBE042AF3C75600A76E10 /* WeatherViewController.swift */,
			);
			path = Controller;
			sourceTree = "<group>";
		};
		7464F2242AE2CF6F005A0751 /* Ressource */ = {
			isa = PBXGroup;
			children = (
				74350C512AE2B645000C7EA7 /* Assets.xcassets */,
				74350C562AE2B645000C7EA7 /* Info.plist */,
			);
			path = Ressource;
			sourceTree = "<group>";
		};
		747F86352AE47DD7000C24CA /* Common */ = {
			isa = PBXGroup;
			children = (
				741E9D0F2AF3C0C900BBBCE4 /* Alert.swift */,
				747F86362AE47DEF000C24CA /* CustomDesign.swift */,
			);
			path = Common;
			sourceTree = "<group>";
		};
		747F86382AE54495000C24CA /* ApplicationLifeCycle */ = {
			isa = PBXGroup;
			children = (
				74350C482AE2B642000C7EA7 /* AppDelegate.swift */,
				74350C4A2AE2B642000C7EA7 /* SceneDelegate.swift */,
			);
			path = ApplicationLifeCycle;
			sourceTree = "<group>";
		};
		74D049A32AEEA855003A89BE /* Delegate */ = {
			isa = PBXGroup;
			children = (
				741E9D0D2AF3C0A600BBBCE4 /* AppServiceDelegate.swift */,
			);
			path = Delegate;
			sourceTree = "<group>";
		};
		74D049A82AEEA8B9003A89BE /* ResponseModel */ = {
			isa = PBXGroup;
			children = (
				74D049A92AEEA8E0003A89BE /* WeatherResponse.swift */,
				74D049AB2AEEA8E9003A89BE /* ConverterResponse.swift */,
				74D049AD2AEEA8FC003A89BE /* TranslateResponse.swift */,
			);
			path = ResponseModel;
			sourceTree = "<group>";
		};
/* End PBXGroup section */

/* Begin PBXNativeTarget section */
		74350C442AE2B642000C7EA7 /* Baluchon */ = {
			isa = PBXNativeTarget;
			buildConfigurationList = 74350C6F2AE2B645000C7EA7 /* Build configuration list for PBXNativeTarget "Baluchon" */;
			buildPhases = (
				74350C412AE2B642000C7EA7 /* Sources */,
				74350C422AE2B642000C7EA7 /* Frameworks */,
				74350C432AE2B642000C7EA7 /* Resources */,
			);
			buildRules = (
			);
			dependencies = (
			);
			name = Baluchon;
			productName = Baluchon;
			productReference = 74350C452AE2B642000C7EA7 /* Baluchon.app */;
			productType = "com.apple.product-type.application";
		};
		74350C5A2AE2B645000C7EA7 /* BaluchonTests */ = {
			isa = PBXNativeTarget;
			buildConfigurationList = 74350C722AE2B645000C7EA7 /* Build configuration list for PBXNativeTarget "BaluchonTests" */;
			buildPhases = (
				74350C572AE2B645000C7EA7 /* Sources */,
				74350C582AE2B645000C7EA7 /* Frameworks */,
				74350C592AE2B645000C7EA7 /* Resources */,
			);
			buildRules = (
			);
			dependencies = (
				74350C5D2AE2B645000C7EA7 /* PBXTargetDependency */,
			);
			name = BaluchonTests;
			productName = BaluchonTests;
			productReference = 74350C5B2AE2B645000C7EA7 /* BaluchonTests.xctest */;
			productType = "com.apple.product-type.bundle.unit-test";
		};
		74350C642AE2B645000C7EA7 /* BaluchonUITests */ = {
			isa = PBXNativeTarget;
			buildConfigurationList = 74350C752AE2B645000C7EA7 /* Build configuration list for PBXNativeTarget "BaluchonUITests" */;
			buildPhases = (
				74350C612AE2B645000C7EA7 /* Sources */,
				74350C622AE2B645000C7EA7 /* Frameworks */,
				74350C632AE2B645000C7EA7 /* Resources */,
			);
			buildRules = (
			);
			dependencies = (
				74350C672AE2B645000C7EA7 /* PBXTargetDependency */,
			);
			name = BaluchonUITests;
			productName = BaluchonUITests;
			productReference = 74350C652AE2B645000C7EA7 /* BaluchonUITests.xctest */;
			productType = "com.apple.product-type.bundle.ui-testing";
		};
/* End PBXNativeTarget section */

/* Begin PBXProject section */
		74350C3D2AE2B642000C7EA7 /* Project object */ = {
			isa = PBXProject;
			attributes = {
				BuildIndependentTargetsInParallel = 1;
				LastSwiftUpdateCheck = 1500;
				LastUpgradeCheck = 1500;
				TargetAttributes = {
					74350C442AE2B642000C7EA7 = {
						CreatedOnToolsVersion = 15.0.1;
					};
					74350C5A2AE2B645000C7EA7 = {
						CreatedOnToolsVersion = 15.0.1;
						TestTargetID = 74350C442AE2B642000C7EA7;
					};
					74350C642AE2B645000C7EA7 = {
						CreatedOnToolsVersion = 15.0.1;
						TestTargetID = 74350C442AE2B642000C7EA7;
					};
				};
			};
			buildConfigurationList = 74350C402AE2B642000C7EA7 /* Build configuration list for PBXProject "Baluchon" */;
			compatibilityVersion = "Xcode 14.0";
			developmentRegion = en;
			hasScannedForEncodings = 0;
			knownRegions = (
				en,
				Base,
			);
			mainGroup = 74350C3C2AE2B642000C7EA7;
			productRefGroup = 74350C462AE2B642000C7EA7 /* Products */;
			projectDirPath = "";
			projectRoot = "";
			targets = (
				74350C442AE2B642000C7EA7 /* Baluchon */,
				74350C5A2AE2B645000C7EA7 /* BaluchonTests */,
				74350C642AE2B645000C7EA7 /* BaluchonUITests */,
			);
		};
/* End PBXProject section */

/* Begin PBXResourcesBuildPhase section */
		74350C432AE2B642000C7EA7 /* Resources */ = {
			isa = PBXResourcesBuildPhase;
			buildActionMask = 2147483647;
			files = (
				744EBDEA2AF3C30000A76E10 /* Traduction.storyboard in Resources */,
				744EBDED2AF3C30000A76E10 /* Weather.storyboard in Resources */,
				74350C522AE2B645000C7EA7 /* Assets.xcassets in Resources */,
				744EBDEC2AF3C30000A76E10 /* Converter.storyboard in Resources */,
				744EBDE92AF3C30000A76E10 /* LaunchScreen.storyboard in Resources */,
				744EBDEB2AF3C30000A76E10 /* Main.storyboard in Resources */,
			);
			runOnlyForDeploymentPostprocessing = 0;
		};
		74350C592AE2B645000C7EA7 /* Resources */ = {
			isa = PBXResourcesBuildPhase;
			buildActionMask = 2147483647;
			files = (
				748741592AFA842A00469CA5 /* Translate.json in Resources */,
				7487415B2AFA843D00469CA5 /* Weather.json in Resources */,
				748741572AFA841600469CA5 /* Converter.json in Resources */,
			);
			runOnlyForDeploymentPostprocessing = 0;
		};
		74350C632AE2B645000C7EA7 /* Resources */ = {
			isa = PBXResourcesBuildPhase;
			buildActionMask = 2147483647;
			files = (
			);
			runOnlyForDeploymentPostprocessing = 0;
		};
/* End PBXResourcesBuildPhase section */

/* Begin PBXSourcesBuildPhase section */
		74350C412AE2B642000C7EA7 /* Sources */ = {
			isa = PBXSourcesBuildPhase;
			buildActionMask = 2147483647;
			files = (
				747F86372AE47DEF000C24CA /* CustomDesign.swift in Sources */,
				744EBE072AF3C75600A76E10 /* WeatherViewController.swift in Sources */,
				744EBE062AF3C75600A76E10 /* ConverterViewController.swift in Sources */,
				745610532B03A6A000137C81 /* Language.swift in Sources */,
				7412E9DC2B09605C00CB3D5D /* City.swift in Sources */,
				744EBE082AF3C75600A76E10 /* TraductionViewController.swift in Sources */,
				748741552AF9666E00469CA5 /* Currency.swift in Sources */,
				744ADAED2AE821330026F9C3 /* APIEndpoint.swift in Sources */,
				74D049AC2AEEA8E9003A89BE /* ConverterResponse.swift in Sources */,
				744ADAEF2AE8214D0026F9C3 /* APIError.swift in Sources */,
				744ADAF12AE821660026F9C3 /* APIService.swift in Sources */,
				741E9D102AF3C0C900BBBCE4 /* Alert.swift in Sources */,
				74350C492AE2B642000C7EA7 /* AppDelegate.swift in Sources */,
				74350C4B2AE2B642000C7EA7 /* SceneDelegate.swift in Sources */,
				744ADAF62AE8220B0026F9C3 /* APIKey.swift in Sources */,
				741E9D0C2AF3C08B00BBBCE4 /* TranslationModel.swift in Sources */,
				744ADAF42AE821900026F9C3 /* TranslationRequest.swift in Sources */,
				741E9D0A2AF3C08B00BBBCE4 /* WeatherModel.swift in Sources */,
				74D049AA2AEEA8E0003A89BE /* WeatherResponse.swift in Sources */,
				741E9D0B2AF3C08B00BBBCE4 /* ConverterModel.swift in Sources */,
				741E9D0E2AF3C0A600BBBCE4 /* AppServiceDelegate.swift in Sources */,
				7412E9E02B09681500CB3D5D /* WeatherRequest.swift in Sources */,
				74D049AE2AEEA8FC003A89BE /* TranslateResponse.swift in Sources */,
			);
			runOnlyForDeploymentPostprocessing = 0;
		};
		74350C572AE2B645000C7EA7 /* Sources */ = {
			isa = PBXSourcesBuildPhase;
			buildActionMask = 2147483647;
			files = (
				74350C602AE2B645000C7EA7 /* BaluchonTests.swift in Sources */,
				746568902B0F8DA3005E55FD /* URLSessionFake.swift in Sources */,
				7465688E2B0F8A89005E55FD /* FakeResponseData.swift in Sources */,
				746568922B0F90B2005E55FD /* ConverterAPIServiceTest.swift in Sources */,
			);
			runOnlyForDeploymentPostprocessing = 0;
		};
		74350C612AE2B645000C7EA7 /* Sources */ = {
			isa = PBXSourcesBuildPhase;
			buildActionMask = 2147483647;
			files = (
				74350C6C2AE2B645000C7EA7 /* BaluchonUITestsLaunchTests.swift in Sources */,
				74350C6A2AE2B645000C7EA7 /* BaluchonUITests.swift in Sources */,
			);
			runOnlyForDeploymentPostprocessing = 0;
		};
/* End PBXSourcesBuildPhase section */

/* Begin PBXTargetDependency section */
		74350C5D2AE2B645000C7EA7 /* PBXTargetDependency */ = {
			isa = PBXTargetDependency;
			target = 74350C442AE2B642000C7EA7 /* Baluchon */;
			targetProxy = 74350C5C2AE2B645000C7EA7 /* PBXContainerItemProxy */;
		};
		74350C672AE2B645000C7EA7 /* PBXTargetDependency */ = {
			isa = PBXTargetDependency;
			target = 74350C442AE2B642000C7EA7 /* Baluchon */;
			targetProxy = 74350C662AE2B645000C7EA7 /* PBXContainerItemProxy */;
		};
/* End PBXTargetDependency section */

/* Begin XCBuildConfiguration section */
		74350C6D2AE2B645000C7EA7 /* Debug */ = {
			isa = XCBuildConfiguration;
			buildSettings = {
				ALWAYS_SEARCH_USER_PATHS = NO;
				ASSETCATALOG_COMPILER_GENERATE_SWIFT_ASSET_SYMBOL_EXTENSIONS = YES;
				CLANG_ANALYZER_NONNULL = YES;
				CLANG_ANALYZER_NUMBER_OBJECT_CONVERSION = YES_AGGRESSIVE;
				CLANG_CXX_LANGUAGE_STANDARD = "gnu++20";
				CLANG_ENABLE_MODULES = YES;
				CLANG_ENABLE_OBJC_ARC = YES;
				CLANG_ENABLE_OBJC_WEAK = YES;
				CLANG_WARN_BLOCK_CAPTURE_AUTORELEASING = YES;
				CLANG_WARN_BOOL_CONVERSION = YES;
				CLANG_WARN_COMMA = YES;
				CLANG_WARN_CONSTANT_CONVERSION = YES;
				CLANG_WARN_DEPRECATED_OBJC_IMPLEMENTATIONS = YES;
				CLANG_WARN_DIRECT_OBJC_ISA_USAGE = YES_ERROR;
				CLANG_WARN_DOCUMENTATION_COMMENTS = YES;
				CLANG_WARN_EMPTY_BODY = YES;
				CLANG_WARN_ENUM_CONVERSION = YES;
				CLANG_WARN_INFINITE_RECURSION = YES;
				CLANG_WARN_INT_CONVERSION = YES;
				CLANG_WARN_NON_LITERAL_NULL_CONVERSION = YES;
				CLANG_WARN_OBJC_IMPLICIT_RETAIN_SELF = YES;
				CLANG_WARN_OBJC_LITERAL_CONVERSION = YES;
				CLANG_WARN_OBJC_ROOT_CLASS = YES_ERROR;
				CLANG_WARN_QUOTED_INCLUDE_IN_FRAMEWORK_HEADER = YES;
				CLANG_WARN_RANGE_LOOP_ANALYSIS = YES;
				CLANG_WARN_STRICT_PROTOTYPES = YES;
				CLANG_WARN_SUSPICIOUS_MOVE = YES;
				CLANG_WARN_UNGUARDED_AVAILABILITY = YES_AGGRESSIVE;
				CLANG_WARN_UNREACHABLE_CODE = YES;
				CLANG_WARN__DUPLICATE_METHOD_MATCH = YES;
				COPY_PHASE_STRIP = NO;
				DEBUG_INFORMATION_FORMAT = dwarf;
				ENABLE_STRICT_OBJC_MSGSEND = YES;
				ENABLE_TESTABILITY = YES;
				ENABLE_USER_SCRIPT_SANDBOXING = YES;
				GCC_C_LANGUAGE_STANDARD = gnu17;
				GCC_DYNAMIC_NO_PIC = NO;
				GCC_NO_COMMON_BLOCKS = YES;
				GCC_OPTIMIZATION_LEVEL = 0;
				GCC_PREPROCESSOR_DEFINITIONS = (
					"DEBUG=1",
					"$(inherited)",
				);
				GCC_WARN_64_TO_32_BIT_CONVERSION = YES;
				GCC_WARN_ABOUT_RETURN_TYPE = YES_ERROR;
				GCC_WARN_UNDECLARED_SELECTOR = YES;
				GCC_WARN_UNINITIALIZED_AUTOS = YES_AGGRESSIVE;
				GCC_WARN_UNUSED_FUNCTION = YES;
				GCC_WARN_UNUSED_VARIABLE = YES;
				IPHONEOS_DEPLOYMENT_TARGET = 17.0;
				LOCALIZATION_PREFERS_STRING_CATALOGS = YES;
				MTL_ENABLE_DEBUG_INFO = INCLUDE_SOURCE;
				MTL_FAST_MATH = YES;
				ONLY_ACTIVE_ARCH = YES;
				SDKROOT = iphoneos;
				SWIFT_ACTIVE_COMPILATION_CONDITIONS = "DEBUG $(inherited)";
				SWIFT_OPTIMIZATION_LEVEL = "-Onone";
			};
			name = Debug;
		};
		74350C6E2AE2B645000C7EA7 /* Release */ = {
			isa = XCBuildConfiguration;
			buildSettings = {
				ALWAYS_SEARCH_USER_PATHS = NO;
				ASSETCATALOG_COMPILER_GENERATE_SWIFT_ASSET_SYMBOL_EXTENSIONS = YES;
				CLANG_ANALYZER_NONNULL = YES;
				CLANG_ANALYZER_NUMBER_OBJECT_CONVERSION = YES_AGGRESSIVE;
				CLANG_CXX_LANGUAGE_STANDARD = "gnu++20";
				CLANG_ENABLE_MODULES = YES;
				CLANG_ENABLE_OBJC_ARC = YES;
				CLANG_ENABLE_OBJC_WEAK = YES;
				CLANG_WARN_BLOCK_CAPTURE_AUTORELEASING = YES;
				CLANG_WARN_BOOL_CONVERSION = YES;
				CLANG_WARN_COMMA = YES;
				CLANG_WARN_CONSTANT_CONVERSION = YES;
				CLANG_WARN_DEPRECATED_OBJC_IMPLEMENTATIONS = YES;
				CLANG_WARN_DIRECT_OBJC_ISA_USAGE = YES_ERROR;
				CLANG_WARN_DOCUMENTATION_COMMENTS = YES;
				CLANG_WARN_EMPTY_BODY = YES;
				CLANG_WARN_ENUM_CONVERSION = YES;
				CLANG_WARN_INFINITE_RECURSION = YES;
				CLANG_WARN_INT_CONVERSION = YES;
				CLANG_WARN_NON_LITERAL_NULL_CONVERSION = YES;
				CLANG_WARN_OBJC_IMPLICIT_RETAIN_SELF = YES;
				CLANG_WARN_OBJC_LITERAL_CONVERSION = YES;
				CLANG_WARN_OBJC_ROOT_CLASS = YES_ERROR;
				CLANG_WARN_QUOTED_INCLUDE_IN_FRAMEWORK_HEADER = YES;
				CLANG_WARN_RANGE_LOOP_ANALYSIS = YES;
				CLANG_WARN_STRICT_PROTOTYPES = YES;
				CLANG_WARN_SUSPICIOUS_MOVE = YES;
				CLANG_WARN_UNGUARDED_AVAILABILITY = YES_AGGRESSIVE;
				CLANG_WARN_UNREACHABLE_CODE = YES;
				CLANG_WARN__DUPLICATE_METHOD_MATCH = YES;
				COPY_PHASE_STRIP = NO;
				DEBUG_INFORMATION_FORMAT = "dwarf-with-dsym";
				ENABLE_NS_ASSERTIONS = NO;
				ENABLE_STRICT_OBJC_MSGSEND = YES;
				ENABLE_USER_SCRIPT_SANDBOXING = YES;
				GCC_C_LANGUAGE_STANDARD = gnu17;
				GCC_NO_COMMON_BLOCKS = YES;
				GCC_WARN_64_TO_32_BIT_CONVERSION = YES;
				GCC_WARN_ABOUT_RETURN_TYPE = YES_ERROR;
				GCC_WARN_UNDECLARED_SELECTOR = YES;
				GCC_WARN_UNINITIALIZED_AUTOS = YES_AGGRESSIVE;
				GCC_WARN_UNUSED_FUNCTION = YES;
				GCC_WARN_UNUSED_VARIABLE = YES;
				IPHONEOS_DEPLOYMENT_TARGET = 17.0;
				LOCALIZATION_PREFERS_STRING_CATALOGS = YES;
				MTL_ENABLE_DEBUG_INFO = NO;
				MTL_FAST_MATH = YES;
				SDKROOT = iphoneos;
				SWIFT_COMPILATION_MODE = wholemodule;
				VALIDATE_PRODUCT = YES;
			};
			name = Release;
		};
		74350C702AE2B645000C7EA7 /* Debug */ = {
			isa = XCBuildConfiguration;
			buildSettings = {
				ASSETCATALOG_COMPILER_APPICON_NAME = AppIcon;
				ASSETCATALOG_COMPILER_GLOBAL_ACCENT_COLOR_NAME = AccentColor;
				CODE_SIGN_STYLE = Automatic;
				CURRENT_PROJECT_VERSION = 1;
				DEVELOPMENT_TEAM = 2N573HT98J;
				GENERATE_INFOPLIST_FILE = YES;
				INFOPLIST_FILE = Baluchon/Ressource/Info.plist;
				INFOPLIST_KEY_UIApplicationSupportsIndirectInputEvents = YES;
				INFOPLIST_KEY_UILaunchStoryboardName = LaunchScreen;
				INFOPLIST_KEY_UIMainStoryboardFile = Main;
				INFOPLIST_KEY_UISupportedInterfaceOrientations = UIInterfaceOrientationPortrait;
				LD_RUNPATH_SEARCH_PATHS = (
					"$(inherited)",
					"@executable_path/Frameworks",
				);
				MARKETING_VERSION = 1.0;
				PRODUCT_BUNDLE_IDENTIFIER = com.FxMeite.Baluchon;
				PRODUCT_NAME = "$(TARGET_NAME)";
				SUPPORTED_PLATFORMS = "iphoneos iphonesimulator";
				SUPPORTS_MACCATALYST = NO;
				SWIFT_EMIT_LOC_STRINGS = YES;
				SWIFT_VERSION = 5.0;
				TARGETED_DEVICE_FAMILY = 1;
			};
			name = Debug;
		};
		74350C712AE2B645000C7EA7 /* Release */ = {
			isa = XCBuildConfiguration;
			buildSettings = {
				ASSETCATALOG_COMPILER_APPICON_NAME = AppIcon;
				ASSETCATALOG_COMPILER_GLOBAL_ACCENT_COLOR_NAME = AccentColor;
				CODE_SIGN_STYLE = Automatic;
				CURRENT_PROJECT_VERSION = 1;
				DEVELOPMENT_TEAM = 2N573HT98J;
				GENERATE_INFOPLIST_FILE = YES;
				INFOPLIST_FILE = Baluchon/Ressource/Info.plist;
				INFOPLIST_KEY_UIApplicationSupportsIndirectInputEvents = YES;
				INFOPLIST_KEY_UILaunchStoryboardName = LaunchScreen;
				INFOPLIST_KEY_UIMainStoryboardFile = Main;
				INFOPLIST_KEY_UISupportedInterfaceOrientations = UIInterfaceOrientationPortrait;
				LD_RUNPATH_SEARCH_PATHS = (
					"$(inherited)",
					"@executable_path/Frameworks",
				);
				MARKETING_VERSION = 1.0;
				PRODUCT_BUNDLE_IDENTIFIER = com.FxMeite.Baluchon;
				PRODUCT_NAME = "$(TARGET_NAME)";
				SUPPORTED_PLATFORMS = "iphoneos iphonesimulator";
				SUPPORTS_MACCATALYST = NO;
				SWIFT_EMIT_LOC_STRINGS = YES;
				SWIFT_VERSION = 5.0;
				TARGETED_DEVICE_FAMILY = 1;
			};
			name = Release;
		};
		74350C732AE2B645000C7EA7 /* Debug */ = {
			isa = XCBuildConfiguration;
			buildSettings = {
				ALWAYS_EMBED_SWIFT_STANDARD_LIBRARIES = YES;
				BUNDLE_LOADER = "$(TEST_HOST)";
				CODE_SIGN_STYLE = Automatic;
				CURRENT_PROJECT_VERSION = 1;
				DEVELOPMENT_TEAM = 2N573HT98J;
				GENERATE_INFOPLIST_FILE = YES;
				IPHONEOS_DEPLOYMENT_TARGET = 17.0;
				MARKETING_VERSION = 1.0;
				PRODUCT_BUNDLE_IDENTIFIER = com.FxMeite.BaluchonTests;
				PRODUCT_NAME = "$(TARGET_NAME)";
				SWIFT_EMIT_LOC_STRINGS = NO;
				SWIFT_VERSION = 5.0;
				TARGETED_DEVICE_FAMILY = "1,2";
				TEST_HOST = "$(BUILT_PRODUCTS_DIR)/Baluchon.app/$(BUNDLE_EXECUTABLE_FOLDER_PATH)/Baluchon";
			};
			name = Debug;
		};
		74350C742AE2B645000C7EA7 /* Release */ = {
			isa = XCBuildConfiguration;
			buildSettings = {
				ALWAYS_EMBED_SWIFT_STANDARD_LIBRARIES = YES;
				BUNDLE_LOADER = "$(TEST_HOST)";
				CODE_SIGN_STYLE = Automatic;
				CURRENT_PROJECT_VERSION = 1;
				DEVELOPMENT_TEAM = 2N573HT98J;
				GENERATE_INFOPLIST_FILE = YES;
				IPHONEOS_DEPLOYMENT_TARGET = 17.0;
				MARKETING_VERSION = 1.0;
				PRODUCT_BUNDLE_IDENTIFIER = com.FxMeite.BaluchonTests;
				PRODUCT_NAME = "$(TARGET_NAME)";
				SWIFT_EMIT_LOC_STRINGS = NO;
				SWIFT_VERSION = 5.0;
				TARGETED_DEVICE_FAMILY = "1,2";
				TEST_HOST = "$(BUILT_PRODUCTS_DIR)/Baluchon.app/$(BUNDLE_EXECUTABLE_FOLDER_PATH)/Baluchon";
			};
			name = Release;
		};
		74350C762AE2B645000C7EA7 /* Debug */ = {
			isa = XCBuildConfiguration;
			buildSettings = {
				ALWAYS_EMBED_SWIFT_STANDARD_LIBRARIES = YES;
				CODE_SIGN_STYLE = Automatic;
				CURRENT_PROJECT_VERSION = 1;
				DEVELOPMENT_TEAM = 2N573HT98J;
				GENERATE_INFOPLIST_FILE = YES;
				MARKETING_VERSION = 1.0;
				PRODUCT_BUNDLE_IDENTIFIER = com.FxMeite.BaluchonUITests;
				PRODUCT_NAME = "$(TARGET_NAME)";
				SWIFT_EMIT_LOC_STRINGS = NO;
				SWIFT_VERSION = 5.0;
				TARGETED_DEVICE_FAMILY = "1,2";
				TEST_TARGET_NAME = Baluchon;
			};
			name = Debug;
		};
		74350C772AE2B645000C7EA7 /* Release */ = {
			isa = XCBuildConfiguration;
			buildSettings = {
				ALWAYS_EMBED_SWIFT_STANDARD_LIBRARIES = YES;
				CODE_SIGN_STYLE = Automatic;
				CURRENT_PROJECT_VERSION = 1;
				DEVELOPMENT_TEAM = 2N573HT98J;
				GENERATE_INFOPLIST_FILE = YES;
				MARKETING_VERSION = 1.0;
				PRODUCT_BUNDLE_IDENTIFIER = com.FxMeite.BaluchonUITests;
				PRODUCT_NAME = "$(TARGET_NAME)";
				SWIFT_EMIT_LOC_STRINGS = NO;
				SWIFT_VERSION = 5.0;
				TARGETED_DEVICE_FAMILY = "1,2";
				TEST_TARGET_NAME = Baluchon;
			};
			name = Release;
		};
/* End XCBuildConfiguration section */

/* Begin XCConfigurationList section */
		74350C402AE2B642000C7EA7 /* Build configuration list for PBXProject "Baluchon" */ = {
			isa = XCConfigurationList;
			buildConfigurations = (
				74350C6D2AE2B645000C7EA7 /* Debug */,
				74350C6E2AE2B645000C7EA7 /* Release */,
			);
			defaultConfigurationIsVisible = 0;
			defaultConfigurationName = Release;
		};
		74350C6F2AE2B645000C7EA7 /* Build configuration list for PBXNativeTarget "Baluchon" */ = {
			isa = XCConfigurationList;
			buildConfigurations = (
				74350C702AE2B645000C7EA7 /* Debug */,
				74350C712AE2B645000C7EA7 /* Release */,
			);
			defaultConfigurationIsVisible = 0;
			defaultConfigurationName = Release;
		};
		74350C722AE2B645000C7EA7 /* Build configuration list for PBXNativeTarget "BaluchonTests" */ = {
			isa = XCConfigurationList;
			buildConfigurations = (
				74350C732AE2B645000C7EA7 /* Debug */,
				74350C742AE2B645000C7EA7 /* Release */,
			);
			defaultConfigurationIsVisible = 0;
			defaultConfigurationName = Release;
		};
		74350C752AE2B645000C7EA7 /* Build configuration list for PBXNativeTarget "BaluchonUITests" */ = {
			isa = XCConfigurationList;
			buildConfigurations = (
				74350C762AE2B645000C7EA7 /* Debug */,
				74350C772AE2B645000C7EA7 /* Release */,
			);
			defaultConfigurationIsVisible = 0;
			defaultConfigurationName = Release;
		};
/* End XCConfigurationList section */
	};
	rootObject = 74350C3D2AE2B642000C7EA7 /* Project object */;
}
